
Microsoft Visual Studio Solution File, Format Version 12.00
# Visual Studio Version 17
VisualStudioVersion = 17.7.34009.444
MinimumVisualStudioVersion = 10.0.40219.1
Project("{FAE04EC0-301F-11D3-BF4B-00C04F79EFBC}") = "Arrays Rotation", "Arrays Rotation\Arrays Rotation.csproj", "{75B1DB89-F590-4204-AEF3-3F45E1A768FB}"
EndProject
Project("{FAE04EC0-301F-11D3-BF4B-00C04F79EFBC}") = "Top Integers", "Top Integers\Top Integers.csproj", "{D6653D63-F5C2-46D1-9EED-0A5AB01012F7}"
EndProject
Project("{FAE04EC0-301F-11D3-BF4B-00C04F79EFBC}") = "Equal Sums", "Equal Sums\Equal Sums.csproj", "{3BBD5B79-1E4E-4697-A8B3-29F96D22470C}"
EndProject
Project("{FAE04EC0-301F-11D3-BF4B-00C04F79EFBC}") = "Max Sequence Of Equal Elements", "Max Sequence Of Equal Elements\Max Sequence Of Equal Elements.csproj", "{D091668D-E818-4728-A509-7BFADE94FCD7}"
EndProject
Project("{FAE04EC0-301F-11D3-BF4B-00C04F79EFBC}") = "Magic Sum", "Magic Sum\Magic Sum.csproj", "{CD7CA1A4-9589-49DD-99FF-27B64426A249}"
EndProject
Global
	GlobalSection(SolutionConfigurationPlatforms) = preSolution
		Debug|Any CPU = Debug|Any CPU
		Release|Any CPU = Release|Any CPU
	EndGlobalSection
	GlobalSection(ProjectConfigurationPlatforms) = postSolution
		{75B1DB89-F590-4204-AEF3-3F45E1A768FB}.Debug|Any CPU.ActiveCfg = Debug|Any CPU
		{75B1DB89-F590-4204-AEF3-3F45E1A768FB}.Debug|Any CPU.Build.0 = Debug|Any CPU
		{75B1DB89-F590-4204-AEF3-3F45E1A768FB}.Release|Any CPU.ActiveCfg = Release|Any CPU
		{75B1DB89-F590-4204-AEF3-3F45E1A768FB}.Release|Any CPU.Build.0 = Release|Any CPU
		{D6653D63-F5C2-46D1-9EED-0A5AB01012F7}.Debug|Any CPU.ActiveCfg = Debug|Any CPU
		{D6653D63-F5C2-46D1-9EED-0A5AB01012F7}.Debug|Any CPU.Build.0 = Debug|Any CPU
		{D6653D63-F5C2-46D1-9EED-0A5AB01012F7}.Release|Any CPU.ActiveCfg = Release|Any CPU
		{D6653D63-F5C2-46D1-9EED-0A5AB01012F7}.Release|Any CPU.Build.0 = Release|Any CPU
		{3BBD5B79-1E4E-4697-A8B3-29F96D22470C}.Debug|Any CPU.ActiveCfg = Debug|Any CPU
		{3BBD5B79-1E4E-4697-A8B3-29F96D22470C}.Debug|Any CPU.Build.0 = Debug|Any CPU
		{3BBD5B79-1E4E-4697-A8B3-29F96D22470C}.Release|Any CPU.ActiveCfg = Release|Any CPU
		{3BBD5B79-1E4E-4697-A8B3-29F96D22470C}.Release|Any CPU.Build.0 = Release|Any CPU
		{D091668D-E818-4728-A509-7BFADE94FCD7}.Debug|Any CPU.ActiveCfg = Debug|Any CPU
		{D091668D-E818-4728-A509-7BFADE94FCD7}.Debug|Any CPU.Build.0 = Debug|Any CPU
		{D091668D-E818-4728-A509-7BFADE94FCD7}.Release|Any CPU.ActiveCfg = Release|Any CPU
		{D091668D-E818-4728-A509-7BFADE94FCD7}.Release|Any CPU.Build.0 = Release|Any CPU
		{CD7CA1A4-9589-49DD-99FF-27B64426A249}.Debug|Any CPU.ActiveCfg = Debug|Any CPU
		{CD7CA1A4-9589-49DD-99FF-27B64426A249}.Debug|Any CPU.Build.0 = Debug|Any CPU
		{CD7CA1A4-9589-49DD-99FF-27B64426A249}.Release|Any CPU.ActiveCfg = Release|Any CPU
		{CD7CA1A4-9589-49DD-99FF-27B64426A249}.Release|Any CPU.Build.0 = Release|Any CPU
	EndGlobalSection
	GlobalSection(SolutionProperties) = preSolution
		HideSolutionNode = FALSE
	EndGlobalSection
	GlobalSection(ExtensibilityGlobals) = postSolution
		SolutionGuid = {77C93316-E0F4-4B3D-B509-6ED0182EE4EF}
	EndGlobalSection
EndGlobal
